{
  "name": "character-extractor",
  "version": "1.0.0",
  "lockfileVersion": 1,
  "requires": true,
  "dependencies": {
    "exif-parser": {
      "version": "0.1.12",
      "resolved": "https://registry.npmjs.org/exif-parser/-/exif-parser-0.1.12.tgz",
      "integrity": "sha1-WKnS1ywCwfbwKg70qRZicrd2CSI="
    },
    "exif-reader": {
      "version": "1.0.3",
      "resolved": "https://registry.npmjs.org/exif-reader/-/exif-reader-1.0.3.tgz",
      "integrity": "sha512-tWMBj1+9jUSibgR/kv/GQ/fkR0biaN9GEZ5iPdf7jFeH//d2bSzgPoaWf1OfMv4MXFD4upwvpCCyeMvSyLWSfA=="
    },
    "exifr": {
      "version": "6.2.0",
      "resolved": "https://registry.npmjs.org/exifr/-/exifr-6.2.0.tgz",
      "integrity": "sha512-ihHjOl8t6NvQUFy6k90axjyj9vJnPIBZpajoF7LjmdA/SYBBLmDSo0YwmnAbwuAtmbL2oBpeqA5wajXqw7x0gg=="
    },
    "exifreader": {
      "version": "3.14.1",
      "resolved": "https://registry.npmjs.org/exifreader/-/exifreader-3.14.1.tgz",
      "integrity": "sha512-SUxpOk39IvFc+KqglisSy42P8nNTrX/8HC6VijSQUzDRBolqa0ps7M8patMWCZ4NKuleLVq6qR41pOvF5ITdKg==",
      "requires": {
        "xmldom": "^0.1.31"
      }
    },
    "xmldom": {
      "version": "0.1.31",
      "resolved": "https://registry.npmjs.org/xmldom/-/xmldom-0.1.31.tgz",
      "integrity": "sha512-yS2uJflVQs6n+CyjHoaBmVSqIDevTAWrzMmjG1Gc7h1qQ7uVozNhEPJAwZXWyGQ/Gafo3fCwrcaokezLPupVyQ==",
      "optional": true
    }
  }
}
